
Microsoft Visual Studio Solution File, Format Version 12.00
# Visual Studio Version 17
VisualStudioVersion = 17.9.34728.123
MinimumVisualStudioVersion = 10.0.40219.1
Project("{8BC9CEB8-8B4A-11D0-8D11-00A0C91BC942}") = "flappy", "flappy\flappy.vcxproj", "{BC464BE7-8646-4E1D-ADEC-64E25AB6CB54}"
EndProject
Global
	GlobalSection(SolutionConfigurationPlatforms) = preSolution
		Debug|x64 = Debug|x64
		Debug|x86 = Debug|x86
		Release|x64 = Release|x64
		Release|x86 = Release|x86
	EndGlobalSection
	GlobalSection(ProjectConfigurationPlatforms) = postSolution
		{BC464BE7-8646-4E1D-ADEC-64E25AB6CB54}.Debug|x64.ActiveCfg = Debug|x64
		{BC464BE7-8646-4E1D-ADEC-64E25AB6CB54}.Debug|x64.Build.0 = Debug|x64
		{BC464BE7-8646-4E1D-ADEC-64E25AB6CB54}.Debug|x86.ActiveCfg = Debug|Win32
		{BC464BE7-8646-4E1D-ADEC-64E25AB6CB54}.Debug|x86.Build.0 = Debug|Win32
		{BC464BE7-8646-4E1D-ADEC-64E25AB6CB54}.Release|x64.ActiveCfg = Release|x64
		{BC464BE7-8646-4E1D-ADEC-64E25AB6CB54}.Release|x64.Build.0 = Release|x64
		{BC464BE7-8646-4E1D-ADEC-64E25AB6CB54}.Release|x86.ActiveCfg = Release|Win32
		{BC464BE7-8646-4E1D-ADEC-64E25AB6CB54}.Release|x86.Build.0 = Release|Win32
	EndGlobalSection
	GlobalSection(SolutionProperties) = preSolution
		HideSolutionNode = FALSE
	EndGlobalSection
	GlobalSection(ExtensibilityGlobals) = postSolution
		SolutionGuid = {1892ACBF-C6ED-4909-8824-12F08AAD793B}
	EndGlobalSection
EndGlobal
